
Microsoft Visual Studio Solution File, Format Version 12.00
# Visual Studio 15
VisualStudioVersion = 15.0.27428.2015
MinimumVisualStudioVersion = 10.0.40219.1
Project("{FAE04EC0-301F-11D3-BF4B-00C04F79EFBC}") = "ECC_Services_Layer", "ECC_Services_Layer\ECC_Services_Layer.csproj", "{EF087EEB-48B1-48D2-902D-1C82132B5709}"
EndProject
Project("{FAE04EC0-301F-11D3-BF4B-00C04F79EFBC}") = "ECC_DataLayer", "ECC_DataLayer\ECC_DataLayer.csproj", "{341A561B-A3A6-42D9-9CD6-EA38C6F891B6}"
EndProject
Project("{FAE04EC0-301F-11D3-BF4B-00C04F79EFBC}") = "ConsoleApplication", "ConsoleApplication\ConsoleApplication.csproj", "{6059A14C-78EA-49A7-8BFB-FA81BA2BD2D3}"
EndProject
Project("{FAE04EC0-301F-11D3-BF4B-00C04F79EFBC}") = "ECCPITagCreator_Service", "ECCPITagCreatorService\ECCPITagCreator_Service.csproj", "{6FE60FE6-AA55-457A-99CC-E1C6EE6B9080}"
EndProject
Project("{FAE04EC0-301F-11D3-BF4B-00C04F79EFBC}") = "ECCPIAreaSearcher_Service", "ECCPIAreaSearcher_Service\ECCPIAreaSearcher_Service.csproj", "{EEEB2E65-12AA-42BF-8135-C33F120F733D}"
EndProject
Project("{FAE04EC0-301F-11D3-BF4B-00C04F79EFBC}") = "ECCPITagAssetMapper_Service", "ECCPITagAssetMapper_Service\ECCPITagAssetMapper_Service.csproj", "{2F9ACD9B-CE50-432E-9D29-57E3B4D32AC2}"
EndProject
Project("{FAE04EC0-301F-11D3-BF4B-00C04F79EFBC}") = "ECCPI_Encryptor_App", "ECCPI_Encryptor_App\ECCPI_Encryptor_App.csproj", "{C3867CAE-D6AE-4F56-8B44-91D4E50E802F}"
EndProject
Project("{FAE04EC0-301F-11D3-BF4B-00C04F79EFBC}") = "ECCPITagValueChecker_Service", "ECCPITagValueChecker_Service\ECCPITagValueChecker_Service.csproj", "{D579AD75-13F6-427B-85D2-94DB52EBCA16}"
EndProject
Project("{2150E333-8FDC-42A3-9474-1A3956D46DE8}") = "Installers", "Installers", "{67641F58-1738-4BF3-925D-B24CB296B739}"
EndProject
Project("{54435603-DBB4-11D2-8724-00A0C9A8B90C}") = "ECCPIEncyptor", "Installers\ECCPI_Encyptor_App\ECCPI_Encyptor_App.vdproj", "{33A72645-63AC-46AD-B018-242A1B7EAE8A}"
EndProject
Project("{54435603-DBB4-11D2-8724-00A0C9A8B90C}") = "ECCPIAreaSearcher", "Installers\ECCPIAreaSearcher\ECCPIAreaSearcher.vdproj", "{D77D1530-0FA9-443A-8B98-F5FDF005D528}"
EndProject
Project("{54435603-DBB4-11D2-8724-00A0C9A8B90C}") = "ECCPITagCreator", "Installers\ECCPITagCreator\ECCPITagCreator.vdproj", "{AE2C7CB1-F34E-48A4-867F-61E2A023F43A}"
EndProject
Project("{54435603-DBB4-11D2-8724-00A0C9A8B90C}") = "ECCPITagAssetMapper", "Installers\ECCPITagAssetMapper\ECCPITagAssetMapper.vdproj", "{3E48D0C2-AB5A-4596-A9DD-28FD5943E655}"
EndProject
Project("{54435603-DBB4-11D2-8724-00A0C9A8B90C}") = "ECCPITagValueChecker", "Installers\ECCPITagValueChecker\ECCPITagValueChecker.vdproj", "{149ADFC5-7197-427A-8FE1-D86863B43B55}"
EndProject
Global
	GlobalSection(SolutionConfigurationPlatforms) = preSolution
		Debug|Any CPU = Debug|Any CPU
		Local|Any CPU = Local|Any CPU
		Release|Any CPU = Release|Any CPU
	EndGlobalSection
	GlobalSection(ProjectConfigurationPlatforms) = postSolution
		{EF087EEB-48B1-48D2-902D-1C82132B5709}.Debug|Any CPU.ActiveCfg = Debug|Any CPU
		{EF087EEB-48B1-48D2-902D-1C82132B5709}.Debug|Any CPU.Build.0 = Debug|Any CPU
		{EF087EEB-48B1-48D2-902D-1C82132B5709}.Local|Any CPU.ActiveCfg = Local|Any CPU
		{EF087EEB-48B1-48D2-902D-1C82132B5709}.Local|Any CPU.Build.0 = Local|Any CPU
		{EF087EEB-48B1-48D2-902D-1C82132B5709}.Release|Any CPU.ActiveCfg = Release|Any CPU
		{EF087EEB-48B1-48D2-902D-1C82132B5709}.Release|Any CPU.Build.0 = Release|Any CPU
		{341A561B-A3A6-42D9-9CD6-EA38C6F891B6}.Debug|Any CPU.ActiveCfg = Debug|Any CPU
		{341A561B-A3A6-42D9-9CD6-EA38C6F891B6}.Debug|Any CPU.Build.0 = Debug|Any CPU
		{341A561B-A3A6-42D9-9CD6-EA38C6F891B6}.Local|Any CPU.ActiveCfg = Local|Any CPU
		{341A561B-A3A6-42D9-9CD6-EA38C6F891B6}.Local|Any CPU.Build.0 = Local|Any CPU
		{341A561B-A3A6-42D9-9CD6-EA38C6F891B6}.Release|Any CPU.ActiveCfg = Release|Any CPU
		{341A561B-A3A6-42D9-9CD6-EA38C6F891B6}.Release|Any CPU.Build.0 = Release|Any CPU
		{6059A14C-78EA-49A7-8BFB-FA81BA2BD2D3}.Debug|Any CPU.ActiveCfg = Debug|Any CPU
		{6059A14C-78EA-49A7-8BFB-FA81BA2BD2D3}.Debug|Any CPU.Build.0 = Debug|Any CPU
		{6059A14C-78EA-49A7-8BFB-FA81BA2BD2D3}.Local|Any CPU.ActiveCfg = Local|Any CPU
		{6059A14C-78EA-49A7-8BFB-FA81BA2BD2D3}.Local|Any CPU.Build.0 = Local|Any CPU
		{6059A14C-78EA-49A7-8BFB-FA81BA2BD2D3}.Release|Any CPU.ActiveCfg = Release|Any CPU
		{6059A14C-78EA-49A7-8BFB-FA81BA2BD2D3}.Release|Any CPU.Build.0 = Release|Any CPU
		{6FE60FE6-AA55-457A-99CC-E1C6EE6B9080}.Debug|Any CPU.ActiveCfg = Debug|Any CPU
		{6FE60FE6-AA55-457A-99CC-E1C6EE6B9080}.Debug|Any CPU.Build.0 = Debug|Any CPU
		{6FE60FE6-AA55-457A-99CC-E1C6EE6B9080}.Local|Any CPU.ActiveCfg = Release|Any CPU
		{6FE60FE6-AA55-457A-99CC-E1C6EE6B9080}.Local|Any CPU.Build.0 = Release|Any CPU
		{6FE60FE6-AA55-457A-99CC-E1C6EE6B9080}.Release|Any CPU.ActiveCfg = Release|Any CPU
		{6FE60FE6-AA55-457A-99CC-E1C6EE6B9080}.Release|Any CPU.Build.0 = Release|Any CPU
		{EEEB2E65-12AA-42BF-8135-C33F120F733D}.Debug|Any CPU.ActiveCfg = Debug|Any CPU
		{EEEB2E65-12AA-42BF-8135-C33F120F733D}.Debug|Any CPU.Build.0 = Debug|Any CPU
		{EEEB2E65-12AA-42BF-8135-C33F120F733D}.Local|Any CPU.ActiveCfg = Release|Any CPU
		{EEEB2E65-12AA-42BF-8135-C33F120F733D}.Local|Any CPU.Build.0 = Release|Any CPU
		{EEEB2E65-12AA-42BF-8135-C33F120F733D}.Release|Any CPU.ActiveCfg = Release|Any CPU
		{EEEB2E65-12AA-42BF-8135-C33F120F733D}.Release|Any CPU.Build.0 = Release|Any CPU
		{2F9ACD9B-CE50-432E-9D29-57E3B4D32AC2}.Debug|Any CPU.ActiveCfg = Debug|Any CPU
		{2F9ACD9B-CE50-432E-9D29-57E3B4D32AC2}.Debug|Any CPU.Build.0 = Debug|Any CPU
		{2F9ACD9B-CE50-432E-9D29-57E3B4D32AC2}.Local|Any CPU.ActiveCfg = Release|Any CPU
		{2F9ACD9B-CE50-432E-9D29-57E3B4D32AC2}.Local|Any CPU.Build.0 = Release|Any CPU
		{2F9ACD9B-CE50-432E-9D29-57E3B4D32AC2}.Release|Any CPU.ActiveCfg = Release|Any CPU
		{2F9ACD9B-CE50-432E-9D29-57E3B4D32AC2}.Release|Any CPU.Build.0 = Release|Any CPU
		{C3867CAE-D6AE-4F56-8B44-91D4E50E802F}.Debug|Any CPU.ActiveCfg = Debug|Any CPU
		{C3867CAE-D6AE-4F56-8B44-91D4E50E802F}.Debug|Any CPU.Build.0 = Debug|Any CPU
		{C3867CAE-D6AE-4F56-8B44-91D4E50E802F}.Local|Any CPU.ActiveCfg = Release|Any CPU
		{C3867CAE-D6AE-4F56-8B44-91D4E50E802F}.Local|Any CPU.Build.0 = Release|Any CPU
		{C3867CAE-D6AE-4F56-8B44-91D4E50E802F}.Release|Any CPU.ActiveCfg = Release|Any CPU
		{C3867CAE-D6AE-4F56-8B44-91D4E50E802F}.Release|Any CPU.Build.0 = Release|Any CPU
		{D579AD75-13F6-427B-85D2-94DB52EBCA16}.Debug|Any CPU.ActiveCfg = Debug|Any CPU
		{D579AD75-13F6-427B-85D2-94DB52EBCA16}.Debug|Any CPU.Build.0 = Debug|Any CPU
		{D579AD75-13F6-427B-85D2-94DB52EBCA16}.Local|Any CPU.ActiveCfg = Release|Any CPU
		{D579AD75-13F6-427B-85D2-94DB52EBCA16}.Local|Any CPU.Build.0 = Release|Any CPU
		{D579AD75-13F6-427B-85D2-94DB52EBCA16}.Release|Any CPU.ActiveCfg = Release|Any CPU
		{D579AD75-13F6-427B-85D2-94DB52EBCA16}.Release|Any CPU.Build.0 = Release|Any CPU
		{33A72645-63AC-46AD-B018-242A1B7EAE8A}.Debug|Any CPU.ActiveCfg = Debug
		{33A72645-63AC-46AD-B018-242A1B7EAE8A}.Local|Any CPU.ActiveCfg = Release
		{33A72645-63AC-46AD-B018-242A1B7EAE8A}.Release|Any CPU.ActiveCfg = Release
		{D77D1530-0FA9-443A-8B98-F5FDF005D528}.Debug|Any CPU.ActiveCfg = Debug
		{D77D1530-0FA9-443A-8B98-F5FDF005D528}.Local|Any CPU.ActiveCfg = Release
		{D77D1530-0FA9-443A-8B98-F5FDF005D528}.Release|Any CPU.ActiveCfg = Release
		{AE2C7CB1-F34E-48A4-867F-61E2A023F43A}.Debug|Any CPU.ActiveCfg = Debug
		{AE2C7CB1-F34E-48A4-867F-61E2A023F43A}.Local|Any CPU.ActiveCfg = Release
		{AE2C7CB1-F34E-48A4-867F-61E2A023F43A}.Release|Any CPU.ActiveCfg = Release
		{3E48D0C2-AB5A-4596-A9DD-28FD5943E655}.Debug|Any CPU.ActiveCfg = Debug
		{3E48D0C2-AB5A-4596-A9DD-28FD5943E655}.Local|Any CPU.ActiveCfg = Release
		{3E48D0C2-AB5A-4596-A9DD-28FD5943E655}.Release|Any CPU.ActiveCfg = Release
		{149ADFC5-7197-427A-8FE1-D86863B43B55}.Debug|Any CPU.ActiveCfg = Debug
		{149ADFC5-7197-427A-8FE1-D86863B43B55}.Local|Any CPU.ActiveCfg = Release
		{149ADFC5-7197-427A-8FE1-D86863B43B55}.Release|Any CPU.ActiveCfg = Release
	EndGlobalSection
	GlobalSection(SolutionProperties) = preSolution
		HideSolutionNode = FALSE
	EndGlobalSection
	GlobalSection(NestedProjects) = preSolution
		{33A72645-63AC-46AD-B018-242A1B7EAE8A} = {67641F58-1738-4BF3-925D-B24CB296B739}
		{D77D1530-0FA9-443A-8B98-F5FDF005D528} = {67641F58-1738-4BF3-925D-B24CB296B739}
		{AE2C7CB1-F34E-48A4-867F-61E2A023F43A} = {67641F58-1738-4BF3-925D-B24CB296B739}
		{3E48D0C2-AB5A-4596-A9DD-28FD5943E655} = {67641F58-1738-4BF3-925D-B24CB296B739}
		{149ADFC5-7197-427A-8FE1-D86863B43B55} = {67641F58-1738-4BF3-925D-B24CB296B739}
	EndGlobalSection
	GlobalSection(ExtensibilityGlobals) = postSolution
		SolutionGuid = {6E945827-AB64-4565-B483-E9E96B4ACE49}
	EndGlobalSection
EndGlobal
