
Microsoft Visual Studio Solution File, Format Version 12.00
# Visual Studio 15
VisualStudioVersion = 15.0.27428.2015
MinimumVisualStudioVersion = 10.0.40219.1
Project("{FAE04EC0-301F-11D3-BF4B-00C04F79EFBC}") = "ECC_IFields_Services", "ECC_IFields_Services\ECC_IFields_Services\ECC_IFields_Services.csproj", "{26B7BF1C-BD02-4C32-8F7A-9E929AF3A983}"
EndProject
Project("{FAE04EC0-301F-11D3-BF4B-00C04F79EFBC}") = "ECC_DataLayer", "ECC_DataLayer\ECC_DataLayer.csproj", "{341A561B-A3A6-42D9-9CD6-EA38C6F891B6}"
EndProject
Project("{FAE04EC0-301F-11D3-BF4B-00C04F79EFBC}") = "ECC_PIAFServices_Layer", "ECC_PIAFServices_Layer\ECC_PIAFServices_Layer.csproj", "{EF087EEB-48B1-48D2-902D-1C82132B5709}"
EndProject
Global
	GlobalSection(SolutionConfigurationPlatforms) = preSolution
		Debug|Any CPU = Debug|Any CPU
		Release|Any CPU = Release|Any CPU
	EndGlobalSection
	GlobalSection(ProjectConfigurationPlatforms) = postSolution
		{26B7BF1C-BD02-4C32-8F7A-9E929AF3A983}.Debug|Any CPU.ActiveCfg = Debug|Any CPU
		{26B7BF1C-BD02-4C32-8F7A-9E929AF3A983}.Debug|Any CPU.Build.0 = Debug|Any CPU
		{26B7BF1C-BD02-4C32-8F7A-9E929AF3A983}.Release|Any CPU.ActiveCfg = Release|Any CPU
		{26B7BF1C-BD02-4C32-8F7A-9E929AF3A983}.Release|Any CPU.Build.0 = Release|Any CPU
		{341A561B-A3A6-42D9-9CD6-EA38C6F891B6}.Debug|Any CPU.ActiveCfg = Debug|Any CPU
		{341A561B-A3A6-42D9-9CD6-EA38C6F891B6}.Debug|Any CPU.Build.0 = Debug|Any CPU
		{341A561B-A3A6-42D9-9CD6-EA38C6F891B6}.Release|Any CPU.ActiveCfg = Release|Any CPU
		{341A561B-A3A6-42D9-9CD6-EA38C6F891B6}.Release|Any CPU.Build.0 = Release|Any CPU
		{EF087EEB-48B1-48D2-902D-1C82132B5709}.Debug|Any CPU.ActiveCfg = Debug|Any CPU
		{EF087EEB-48B1-48D2-902D-1C82132B5709}.Debug|Any CPU.Build.0 = Debug|Any CPU
		{EF087EEB-48B1-48D2-902D-1C82132B5709}.Release|Any CPU.ActiveCfg = Release|Any CPU
		{EF087EEB-48B1-48D2-902D-1C82132B5709}.Release|Any CPU.Build.0 = Release|Any CPU
	EndGlobalSection
	GlobalSection(SolutionProperties) = preSolution
		HideSolutionNode = FALSE
	EndGlobalSection
	GlobalSection(ExtensibilityGlobals) = postSolution
		SolutionGuid = {4DFDAB3A-6DC0-479E-83D5-84238627D726}
	EndGlobalSection
EndGlobal
